
Microsoft Visual Studio Solution File, Format Version 12.00
# Visual Studio 15
VisualStudioVersion = 15.0.28307.1082
MinimumVisualStudioVersion = 10.0.40219.1
Project("{FAE04EC0-301F-11D3-BF4B-00C04F79EFBC}") = "Yahtzee", "Yahtzee\Yahtzee.csproj", "{CDFBE19D-38FD-43B3-8022-5ABE2061950B}"
EndProject
Global
	GlobalSection(SolutionConfigurationPlatforms) = preSolution
		Debug|Any CPU = Debug|Any CPU
		Release|Any CPU = Release|Any CPU
	EndGlobalSection
	GlobalSection(ProjectConfigurationPlatforms) = postSolution
		{CDFBE19D-38FD-43B3-8022-5ABE2061950B}.Debug|Any CPU.ActiveCfg = Debug|Any CPU
		{CDFBE19D-38FD-43B3-8022-5ABE2061950B}.Debug|Any CPU.Build.0 = Debug|Any CPU
		{CDFBE19D-38FD-43B3-8022-5ABE2061950B}.Release|Any CPU.ActiveCfg = Release|Any CPU
		{CDFBE19D-38FD-43B3-8022-5ABE2061950B}.Release|Any CPU.Build.0 = Release|Any CPU
	EndGlobalSection
	GlobalSection(SolutionProperties) = preSolution
		HideSolutionNode = FALSE
	EndGlobalSection
	GlobalSection(ExtensibilityGlobals) = postSolution
		SolutionGuid = {40D20A35-94EC-4843-8C01-0925DBEF26C3}
	EndGlobalSection
EndGlobal
